
Microsoft Visual Studio Solution File, Format Version 12.00
# Visual Studio 2013
VisualStudioVersion = 12.0.40629.0
MinimumVisualStudioVersion = 10.0.40219.1
Project("{FAE04EC0-301F-11D3-BF4B-00C04F79EFBC}") = "FigureRotation", "FigureRotation\FigureRotation.csproj", "{EACBB8D4-5DBF-435C-A78E-783A12AD74E2}"
EndProject
Project("{FAE04EC0-301F-11D3-BF4B-00C04F79EFBC}") = "Statistics", "Statistics\Statistics.csproj", "{C49395E9-5F6E-4BDC-90CE-CBC397603C41}"
EndProject
Global
	GlobalSection(SolutionConfigurationPlatforms) = preSolution
		Debug|Any CPU = Debug|Any CPU
		Release|Any CPU = Release|Any CPU
	EndGlobalSection
	GlobalSection(ProjectConfigurationPlatforms) = postSolution
		{EACBB8D4-5DBF-435C-A78E-783A12AD74E2}.Debug|Any CPU.ActiveCfg = Debug|Any CPU
		{EACBB8D4-5DBF-435C-A78E-783A12AD74E2}.Debug|Any CPU.Build.0 = Debug|Any CPU
		{EACBB8D4-5DBF-435C-A78E-783A12AD74E2}.Release|Any CPU.ActiveCfg = Release|Any CPU
		{EACBB8D4-5DBF-435C-A78E-783A12AD74E2}.Release|Any CPU.Build.0 = Release|Any CPU
		{C49395E9-5F6E-4BDC-90CE-CBC397603C41}.Debug|Any CPU.ActiveCfg = Debug|Any CPU
		{C49395E9-5F6E-4BDC-90CE-CBC397603C41}.Debug|Any CPU.Build.0 = Debug|Any CPU
		{C49395E9-5F6E-4BDC-90CE-CBC397603C41}.Release|Any CPU.ActiveCfg = Release|Any CPU
		{C49395E9-5F6E-4BDC-90CE-CBC397603C41}.Release|Any CPU.Build.0 = Release|Any CPU
	EndGlobalSection
	GlobalSection(SolutionProperties) = preSolution
		HideSolutionNode = FALSE
	EndGlobalSection
EndGlobal
